// !$*UTF8*$!
{
	archiveVersion = 1;
	classes = {
	};
	objectVersion = 50;
	objects = {

/* Begin PBXBuildFile section */
		4C571956C810D4EA9E5CF48F /* libPods-CompileSample.a in Frameworks */ = {isa = PBXBuildFile; fileRef = B431FB2F0A463BBFFF17A9DA /* libPods-CompileSample.a */; };
		84919BFD230E6742002AAAE6 /* TokenType.swift in Sources */ = {isa = PBXBuildFile; fileRef = 84919BFC230E6742002AAAE6 /* TokenType.swift */; };
		84919C00230E70AF002AAAE6 /* ASTNode.swift in Sources */ = {isa = PBXBuildFile; fileRef = 84919BFF230E70AF002AAAE6 /* ASTNode.swift */; };
		84919C02230E761C002AAAE6 /* ASTNodeType.swift in Sources */ = {isa = PBXBuildFile; fileRef = 84919C01230E761C002AAAE6 /* ASTNodeType.swift */; };
		84919C04230E7703002AAAE6 /* GuaParser.swift in Sources */ = {isa = PBXBuildFile; fileRef = 84919C03230E7703002AAAE6 /* GuaParser.swift */; };
		84919C06230E781B002AAAE6 /* GuaToken.swift in Sources */ = {isa = PBXBuildFile; fileRef = 84919C05230E781B002AAAE6 /* GuaToken.swift */; };
		84919C08230EAB13002AAAE6 /* GuaTokenReader.swift in Sources */ = {isa = PBXBuildFile; fileRef = 84919C07230EAB13002AAAE6 /* GuaTokenReader.swift */; };
		84919C0B230EAC82002AAAE6 /* GuaLexer.swift in Sources */ = {isa = PBXBuildFile; fileRef = 84919C0A230EAC82002AAAE6 /* GuaLexer.swift */; };
		84919C13230ECA28002AAAE6 /* CompileSampleUnitTest.swift in Sources */ = {isa = PBXBuildFile; fileRef = 84919C12230ECA28002AAAE6 /* CompileSampleUnitTest.swift */; };
		849B7A0A2314458100501177 /* GuaASTNode.swift in Sources */ = {isa = PBXBuildFile; fileRef = 849B7A092314458100501177 /* GuaASTNode.swift */; };
		84C201242308E2F1005E3476 /* main.swift in Sources */ = {isa = PBXBuildFile; fileRef = 84C201232308E2F1005E3476 /* main.swift */; };
		84C2012D230908C4005E3476 /* Lexer.swift in Sources */ = {isa = PBXBuildFile; fileRef = 84C2012C230908C4005E3476 /* Lexer.swift */; };
		84C2012F230909C6005E3476 /* Token.swift in Sources */ = {isa = PBXBuildFile; fileRef = 84C2012E230909C6005E3476 /* Token.swift */; };
		84C2013123090BD0005E3476 /* TokenReader.swift in Sources */ = {isa = PBXBuildFile; fileRef = 84C2013023090BD0005E3476 /* TokenReader.swift */; };
		84C201D723104F16005E3476 /* Parser.swift in Sources */ = {isa = PBXBuildFile; fileRef = 84C201D623104F16005E3476 /* Parser.swift */; };
		DC88D0E9B8DB09141B565B8F /* libPods-CompileSampleUnitTest.a in Frameworks */ = {isa = PBXBuildFile; fileRef = BF846CBCA84D6A2E51BB4036 /* libPods-CompileSampleUnitTest.a */; };
/* End PBXBuildFile section */

/* Begin PBXCopyFilesBuildPhase section */
		84C2011E2308E2F1005E3476 /* CopyFiles */ = {
			isa = PBXCopyFilesBuildPhase;
			buildActionMask = 2147483647;
			dstPath = /usr/share/man/man1/;
			dstSubfolderSpec = 0;
			files = (
			);
			runOnlyForDeploymentPostprocessing = 1;
		};
/* End PBXCopyFilesBuildPhase section */

/* Begin PBXFileReference section */
		142D9D2314BF4A48D02F9394 /* Pods-CompileSample.release.xcconfig */ = {isa = PBXFileReference; includeInIndex = 1; lastKnownFileType = text.xcconfig; name = "Pods-CompileSample.release.xcconfig"; path = "Target Support Files/Pods-CompileSample/Pods-CompileSample.release.xcconfig"; sourceTree = "<group>"; };
		47061959A105AAA2F9FC0A3A /* Pods-CompileSampleUnitTest.debug.xcconfig */ = {isa = PBXFileReference; includeInIndex = 1; lastKnownFileType = text.xcconfig; name = "Pods-CompileSampleUnitTest.debug.xcconfig"; path = "Target Support Files/Pods-CompileSampleUnitTest/Pods-CompileSampleUnitTest.debug.xcconfig"; sourceTree = "<group>"; };
		84919BFC230E6742002AAAE6 /* TokenType.swift */ = {isa = PBXFileReference; lastKnownFileType = sourcecode.swift; path = TokenType.swift; sourceTree = "<group>"; };
		84919BFF230E70AF002AAAE6 /* ASTNode.swift */ = {isa = PBXFileReference; lastKnownFileType = sourcecode.swift; path = ASTNode.swift; sourceTree = "<group>"; };
		84919C01230E761C002AAAE6 /* ASTNodeType.swift */ = {isa = PBXFileReference; lastKnownFileType = sourcecode.swift; path = ASTNodeType.swift; sourceTree = "<group>"; };
		84919C03230E7703002AAAE6 /* GuaParser.swift */ = {isa = PBXFileReference; lastKnownFileType = sourcecode.swift; path = GuaParser.swift; sourceTree = "<group>"; };
		84919C05230E781B002AAAE6 /* GuaToken.swift */ = {isa = PBXFileReference; lastKnownFileType = sourcecode.swift; path = GuaToken.swift; sourceTree = "<group>"; };
		84919C07230EAB13002AAAE6 /* GuaTokenReader.swift */ = {isa = PBXFileReference; lastKnownFileType = sourcecode.swift; path = GuaTokenReader.swift; sourceTree = "<group>"; };
		84919C0A230EAC82002AAAE6 /* GuaLexer.swift */ = {isa = PBXFileReference; lastKnownFileType = sourcecode.swift; path = GuaLexer.swift; sourceTree = "<group>"; };
		84919C10230ECA28002AAAE6 /* CompileSampleUnitTest.xctest */ = {isa = PBXFileReference; explicitFileType = wrapper.cfbundle; includeInIndex = 0; path = CompileSampleUnitTest.xctest; sourceTree = BUILT_PRODUCTS_DIR; };
		84919C12230ECA28002AAAE6 /* CompileSampleUnitTest.swift */ = {isa = PBXFileReference; lastKnownFileType = sourcecode.swift; path = CompileSampleUnitTest.swift; sourceTree = "<group>"; };
		84919C14230ECA28002AAAE6 /* Info.plist */ = {isa = PBXFileReference; lastKnownFileType = text.plist.xml; path = Info.plist; sourceTree = "<group>"; };
		849B7A092314458100501177 /* GuaASTNode.swift */ = {isa = PBXFileReference; lastKnownFileType = sourcecode.swift; path = GuaASTNode.swift; sourceTree = "<group>"; };
		84C201202308E2F1005E3476 /* CompileSample */ = {isa = PBXFileReference; explicitFileType = "compiled.mach-o.executable"; includeInIndex = 0; path = CompileSample; sourceTree = BUILT_PRODUCTS_DIR; };
		84C201232308E2F1005E3476 /* main.swift */ = {isa = PBXFileReference; lastKnownFileType = sourcecode.swift; path = main.swift; sourceTree = "<group>"; };
		84C2012C230908C4005E3476 /* Lexer.swift */ = {isa = PBXFileReference; lastKnownFileType = sourcecode.swift; path = Lexer.swift; sourceTree = "<group>"; };
		84C2012E230909C6005E3476 /* Token.swift */ = {isa = PBXFileReference; lastKnownFileType = sourcecode.swift; path = Token.swift; sourceTree = "<group>"; };
		84C2013023090BD0005E3476 /* TokenReader.swift */ = {isa = PBXFileReference; lastKnownFileType = sourcecode.swift; path = TokenReader.swift; sourceTree = "<group>"; };
		84C201D623104F16005E3476 /* Parser.swift */ = {isa = PBXFileReference; lastKnownFileType = sourcecode.swift; path = Parser.swift; sourceTree = "<group>"; };
		A757E82BF35FC416706D1CB7 /* Pods-CompileSample.debug.xcconfig */ = {isa = PBXFileReference; includeInIndex = 1; lastKnownFileType = text.xcconfig; name = "Pods-CompileSample.debug.xcconfig"; path = "Target Support Files/Pods-CompileSample/Pods-CompileSample.debug.xcconfig"; sourceTree = "<group>"; };
		B431FB2F0A463BBFFF17A9DA /* libPods-CompileSample.a */ = {isa = PBXFileReference; explicitFileType = archive.ar; includeInIndex = 0; path = "libPods-CompileSample.a"; sourceTree = BUILT_PRODUCTS_DIR; };
		BF846CBCA84D6A2E51BB4036 /* libPods-CompileSampleUnitTest.a */ = {isa = PBXFileReference; explicitFileType = archive.ar; includeInIndex = 0; path = "libPods-CompileSampleUnitTest.a"; sourceTree = BUILT_PRODUCTS_DIR; };
		E00324D5140F06BB0C2A3016 /* Pods-CompileSampleUnitTest.release.xcconfig */ = {isa = PBXFileReference; includeInIndex = 1; lastKnownFileType = text.xcconfig; name = "Pods-CompileSampleUnitTest.release.xcconfig"; path = "Target Support Files/Pods-CompileSampleUnitTest/Pods-CompileSampleUnitTest.release.xcconfig"; sourceTree = "<group>"; };
/* End PBXFileReference section */

/* Begin PBXFrameworksBuildPhase section */
		84919C0D230ECA27002AAAE6 /* Frameworks */ = {
			isa = PBXFrameworksBuildPhase;
			buildActionMask = 2147483647;
			files = (
				DC88D0E9B8DB09141B565B8F /* libPods-CompileSampleUnitTest.a in Frameworks */,
			);
			runOnlyForDeploymentPostprocessing = 0;
		};
		84C2011D2308E2F1005E3476 /* Frameworks */ = {
			isa = PBXFrameworksBuildPhase;
			buildActionMask = 2147483647;
			files = (
				4C571956C810D4EA9E5CF48F /* libPods-CompileSample.a in Frameworks */,
			);
			runOnlyForDeploymentPostprocessing = 0;
		};
/* End PBXFrameworksBuildPhase section */

/* Begin PBXGroup section */
		2A99D1AC2F13156F73884FD0 /* Pods */ = {
			isa = PBXGroup;
			children = (
				A757E82BF35FC416706D1CB7 /* Pods-CompileSample.debug.xcconfig */,
				142D9D2314BF4A48D02F9394 /* Pods-CompileSample.release.xcconfig */,
				47061959A105AAA2F9FC0A3A /* Pods-CompileSampleUnitTest.debug.xcconfig */,
				E00324D5140F06BB0C2A3016 /* Pods-CompileSampleUnitTest.release.xcconfig */,
			);
			path = Pods;
			sourceTree = "<group>";
		};
		84919BFE230E6FE7002AAAE6 /* Utils */ = {
			isa = PBXGroup;
			children = (
				84919C03230E7703002AAAE6 /* GuaParser.swift */,
				849B7A092314458100501177 /* GuaASTNode.swift */,
				84919C05230E781B002AAAE6 /* GuaToken.swift */,
				84919C07230EAB13002AAAE6 /* GuaTokenReader.swift */,
				84919C0A230EAC82002AAAE6 /* GuaLexer.swift */,
			);
			path = Utils;
			sourceTree = "<group>";
		};
		84919C11230ECA28002AAAE6 /* CompileSampleUnitTest */ = {
			isa = PBXGroup;
			children = (
				84919C12230ECA28002AAAE6 /* CompileSampleUnitTest.swift */,
				84919C14230ECA28002AAAE6 /* Info.plist */,
			);
			path = CompileSampleUnitTest;
			sourceTree = "<group>";
		};
		84C201172308E2F1005E3476 = {
			isa = PBXGroup;
			children = (
				84C201222308E2F1005E3476 /* CompileSample */,
				84919C11230ECA28002AAAE6 /* CompileSampleUnitTest */,
				84C201212308E2F1005E3476 /* Products */,
				2A99D1AC2F13156F73884FD0 /* Pods */,
				DBBF4EDFE0C123E3DC4B09BF /* Frameworks */,
			);
			sourceTree = "<group>";
		};
		84C201212308E2F1005E3476 /* Products */ = {
			isa = PBXGroup;
			children = (
				84C201202308E2F1005E3476 /* CompileSample */,
				84919C10230ECA28002AAAE6 /* CompileSampleUnitTest.xctest */,
			);
			name = Products;
			sourceTree = "<group>";
		};
		84C201222308E2F1005E3476 /* CompileSample */ = {
			isa = PBXGroup;
			children = (
				84C201232308E2F1005E3476 /* main.swift */,
				84919BFE230E6FE7002AAAE6 /* Utils */,
				84C2012B2309084C005E3476 /* Interface */,
			);
			path = CompileSample;
			sourceTree = "<group>";
		};
		84C2012B2309084C005E3476 /* Interface */ = {
			isa = PBXGroup;
			children = (
				84C2012C230908C4005E3476 /* Lexer.swift */,
				84C201D623104F16005E3476 /* Parser.swift */,
				84C2012E230909C6005E3476 /* Token.swift */,
				84919BFC230E6742002AAAE6 /* TokenType.swift */,
				84C2013023090BD0005E3476 /* TokenReader.swift */,
				84919BFF230E70AF002AAAE6 /* ASTNode.swift */,
				84919C01230E761C002AAAE6 /* ASTNodeType.swift */,
			);
			path = Interface;
			sourceTree = "<group>";
		};
		DBBF4EDFE0C123E3DC4B09BF /* Frameworks */ = {
			isa = PBXGroup;
			children = (
				B431FB2F0A463BBFFF17A9DA /* libPods-CompileSample.a */,
				BF846CBCA84D6A2E51BB4036 /* libPods-CompileSampleUnitTest.a */,
			);
			name = Frameworks;
			sourceTree = "<group>";
		};
/* End PBXGroup section */

/* Begin PBXNativeTarget section */
		84919C0F230ECA27002AAAE6 /* CompileSampleUnitTest */ = {
			isa = PBXNativeTarget;
			buildConfigurationList = 84919C15230ECA28002AAAE6 /* Build configuration list for PBXNativeTarget "CompileSampleUnitTest" */;
			buildPhases = (
				7F6C506AD5DEEE487FD7D5CD /* [CP] Check Pods Manifest.lock */,
				84919C0C230ECA27002AAAE6 /* Sources */,
				84919C0D230ECA27002AAAE6 /* Frameworks */,
				84919C0E230ECA27002AAAE6 /* Resources */,
			);
			buildRules = (
			);
			dependencies = (
			);
			name = CompileSampleUnitTest;
			productName = CompileSampleUnitTest;
			productReference = 84919C10230ECA28002AAAE6 /* CompileSampleUnitTest.xctest */;
			productType = "com.apple.product-type.bundle.unit-test";
		};
		84C2011F2308E2F1005E3476 /* CompileSample */ = {
			isa = PBXNativeTarget;
			buildConfigurationList = 84C201272308E2F1005E3476 /* Build configuration list for PBXNativeTarget "CompileSample" */;
			buildPhases = (
				1F2383C44BE8D84F46D78FDC /* [CP] Check Pods Manifest.lock */,
				84C2011C2308E2F1005E3476 /* Sources */,
				84C2011D2308E2F1005E3476 /* Frameworks */,
				84C2011E2308E2F1005E3476 /* CopyFiles */,
			);
			buildRules = (
			);
			dependencies = (
			);
			name = CompileSample;
			productName = CompileSample;
			productReference = 84C201202308E2F1005E3476 /* CompileSample */;
			productType = "com.apple.product-type.tool";
		};
/* End PBXNativeTarget section */

/* Begin PBXProject section */
		84C201182308E2F1005E3476 /* Project object */ = {
			isa = PBXProject;
			attributes = {
				LastSwiftUpdateCheck = 1030;
				LastUpgradeCheck = 1030;
				ORGANIZATIONNAME = "Harry Twan";
				TargetAttributes = {
					84919C0F230ECA27002AAAE6 = {
						CreatedOnToolsVersion = 10.3;
					};
					84C2011F2308E2F1005E3476 = {
						CreatedOnToolsVersion = 10.3;
					};
				};
			};
			buildConfigurationList = 84C2011B2308E2F1005E3476 /* Build configuration list for PBXProject "CompileSample" */;
			compatibilityVersion = "Xcode 9.3";
			developmentRegion = en;
			hasScannedForEncodings = 0;
			knownRegions = (
				en,
			);
			mainGroup = 84C201172308E2F1005E3476;
			productRefGroup = 84C201212308E2F1005E3476 /* Products */;
			projectDirPath = "";
			projectRoot = "";
			targets = (
				84C2011F2308E2F1005E3476 /* CompileSample */,
				84919C0F230ECA27002AAAE6 /* CompileSampleUnitTest */,
			);
		};
/* End PBXProject section */

/* Begin PBXResourcesBuildPhase section */
		84919C0E230ECA27002AAAE6 /* Resources */ = {
			isa = PBXResourcesBuildPhase;
			buildActionMask = 2147483647;
			files = (
			);
			runOnlyForDeploymentPostprocessing = 0;
		};
/* End PBXResourcesBuildPhase section */

/* Begin PBXShellScriptBuildPhase section */
		1F2383C44BE8D84F46D78FDC /* [CP] Check Pods Manifest.lock */ = {
			isa = PBXShellScriptBuildPhase;
			buildActionMask = 2147483647;
			files = (
			);
			inputFileListPaths = (
			);
			inputPaths = (
				"${PODS_PODFILE_DIR_PATH}/Podfile.lock",
				"${PODS_ROOT}/Manifest.lock",
			);
			name = "[CP] Check Pods Manifest.lock";
			outputFileListPaths = (
			);
			outputPaths = (
				"$(DERIVED_FILE_DIR)/Pods-CompileSample-checkManifestLockResult.txt",
			);
			runOnlyForDeploymentPostprocessing = 0;
			shellPath = /bin/sh;
			shellScript = "diff \"${PODS_PODFILE_DIR_PATH}/Podfile.lock\" \"${PODS_ROOT}/Manifest.lock\" > /dev/null\nif [ $? != 0 ] ; then\n    # print error to STDERR\n    echo \"error: The sandbox is not in sync with the Podfile.lock. Run 'pod install' or update your CocoaPods installation.\" >&2\n    exit 1\nfi\n# This output is used by Xcode 'outputs' to avoid re-running this script phase.\necho \"SUCCESS\" > \"${SCRIPT_OUTPUT_FILE_0}\"\n";
			showEnvVarsInLog = 0;
		};
		7F6C506AD5DEEE487FD7D5CD /* [CP] Check Pods Manifest.lock */ = {
			isa = PBXShellScriptBuildPhase;
			buildActionMask = 2147483647;
			files = (
			);
			inputFileListPaths = (
			);
			inputPaths = (
				"${PODS_PODFILE_DIR_PATH}/Podfile.lock",
				"${PODS_ROOT}/Manifest.lock",
			);
			name = "[CP] Check Pods Manifest.lock";
			outputFileListPaths = (
			);
			outputPaths = (
				"$(DERIVED_FILE_DIR)/Pods-CompileSampleUnitTest-checkManifestLockResult.txt",
			);
			runOnlyForDeploymentPostprocessing = 0;
			shellPath = /bin/sh;
			shellScript = "diff \"${PODS_PODFILE_DIR_PATH}/Podfile.lock\" \"${PODS_ROOT}/Manifest.lock\" > /dev/null\nif [ $? != 0 ] ; then\n    # print error to STDERR\n    echo \"error: The sandbox is not in sync with the Podfile.lock. Run 'pod install' or update your CocoaPods installation.\" >&2\n    exit 1\nfi\n# This output is used by Xcode 'outputs' to avoid re-running this script phase.\necho \"SUCCESS\" > \"${SCRIPT_OUTPUT_FILE_0}\"\n";
			showEnvVarsInLog = 0;
		};
/* End PBXShellScriptBuildPhase section */

/* Begin PBXSourcesBuildPhase section */
		84919C0C230ECA27002AAAE6 /* Sources */ = {
			isa = PBXSourcesBuildPhase;
			buildActionMask = 2147483647;
			files = (
				84919C13230ECA28002AAAE6 /* CompileSampleUnitTest.swift in Sources */,
			);
			runOnlyForDeploymentPostprocessing = 0;
		};
		84C2011C2308E2F1005E3476 /* Sources */ = {
			isa = PBXSourcesBuildPhase;
			buildActionMask = 2147483647;
			files = (
				84919C00230E70AF002AAAE6 /* ASTNode.swift in Sources */,
				84919C02230E761C002AAAE6 /* ASTNodeType.swift in Sources */,
				84C2013123090BD0005E3476 /* TokenReader.swift in Sources */,
				84919C0B230EAC82002AAAE6 /* GuaLexer.swift in Sources */,
				84C2012F230909C6005E3476 /* Token.swift in Sources */,
				84919C08230EAB13002AAAE6 /* GuaTokenReader.swift in Sources */,
				84919C04230E7703002AAAE6 /* GuaParser.swift in Sources */,
				84C2012D230908C4005E3476 /* Lexer.swift in Sources */,
				849B7A0A2314458100501177 /* GuaASTNode.swift in Sources */,
				84C201D723104F16005E3476 /* Parser.swift in Sources */,
				84919C06230E781B002AAAE6 /* GuaToken.swift in Sources */,
				84C201242308E2F1005E3476 /* main.swift in Sources */,
				84919BFD230E6742002AAAE6 /* TokenType.swift in Sources */,
			);
			runOnlyForDeploymentPostprocessing = 0;
		};
/* End PBXSourcesBuildPhase section */

/* Begin XCBuildConfiguration section */
		84919C16230ECA28002AAAE6 /* Debug */ = {
			isa = XCBuildConfiguration;
			baseConfigurationReference = 47061959A105AAA2F9FC0A3A /* Pods-CompileSampleUnitTest.debug.xcconfig */;
			buildSettings = {
				CODE_SIGN_STYLE = Automatic;
				COMBINE_HIDPI_IMAGES = YES;
				DEVELOPMENT_TEAM = DNL5G5M9A8;
				INFOPLIST_FILE = CompileSampleUnitTest/Info.plist;
				LD_RUNPATH_SEARCH_PATHS = (
					"$(inherited)",
					"@executable_path/../Frameworks",
					"@loader_path/../Frameworks",
				);
				MACOSX_DEPLOYMENT_TARGET = 10.14;
				PRODUCT_BUNDLE_IDENTIFIER = gua.test.CompileSampleUnitTest;
				PRODUCT_NAME = "$(TARGET_NAME)";
				SWIFT_VERSION = 5.0;
			};
			name = Debug;
		};
		84919C17230ECA28002AAAE6 /* Release */ = {
			isa = XCBuildConfiguration;
			baseConfigurationReference = E00324D5140F06BB0C2A3016 /* Pods-CompileSampleUnitTest.release.xcconfig */;
			buildSettings = {
				CODE_SIGN_STYLE = Automatic;
				COMBINE_HIDPI_IMAGES = YES;
				DEVELOPMENT_TEAM = DNL5G5M9A8;
				INFOPLIST_FILE = CompileSampleUnitTest/Info.plist;
				LD_RUNPATH_SEARCH_PATHS = (
					"$(inherited)",
					"@executable_path/../Frameworks",
					"@loader_path/../Frameworks",
				);
				MACOSX_DEPLOYMENT_TARGET = 10.14;
				PRODUCT_BUNDLE_IDENTIFIER = gua.test.CompileSampleUnitTest;
				PRODUCT_NAME = "$(TARGET_NAME)";
				SWIFT_VERSION = 5.0;
			};
			name = Release;
		};
		84C201252308E2F1005E3476 /* Debug */ = {
			isa = XCBuildConfiguration;
			buildSettings = {
				ALWAYS_SEARCH_USER_PATHS = NO;
				CLANG_ANALYZER_NONNULL = YES;
				CLANG_ANALYZER_NUMBER_OBJECT_CONVERSION = YES_AGGRESSIVE;
				CLANG_CXX_LANGUAGE_STANDARD = "gnu++14";
				CLANG_CXX_LIBRARY = "libc++";
				CLANG_ENABLE_MODULES = YES;
				CLANG_ENABLE_OBJC_ARC = YES;
				CLANG_ENABLE_OBJC_WEAK = YES;
				CLANG_WARN_BLOCK_CAPTURE_AUTORELEASING = YES;
				CLANG_WARN_BOOL_CONVERSION = YES;
				CLANG_WARN_COMMA = YES;
				CLANG_WARN_CONSTANT_CONVERSION = YES;
				CLANG_WARN_DEPRECATED_OBJC_IMPLEMENTATIONS = YES;
				CLANG_WARN_DIRECT_OBJC_ISA_USAGE = YES_ERROR;
				CLANG_WARN_DOCUMENTATION_COMMENTS = YES;
				CLANG_WARN_EMPTY_BODY = YES;
				CLANG_WARN_ENUM_CONVERSION = YES;
				CLANG_WARN_INFINITE_RECURSION = YES;
				CLANG_WARN_INT_CONVERSION = YES;
				CLANG_WARN_NON_LITERAL_NULL_CONVERSION = YES;
				CLANG_WARN_OBJC_IMPLICIT_RETAIN_SELF = YES;
				CLANG_WARN_OBJC_LITERAL_CONVERSION = YES;
				CLANG_WARN_OBJC_ROOT_CLASS = YES_ERROR;
				CLANG_WARN_RANGE_LOOP_ANALYSIS = YES;
				CLANG_WARN_STRICT_PROTOTYPES = YES;
				CLANG_WARN_SUSPICIOUS_MOVE = YES;
				CLANG_WARN_UNGUARDED_AVAILABILITY = YES_AGGRESSIVE;
				CLANG_WARN_UNREACHABLE_CODE = YES;
				CLANG_WARN__DUPLICATE_METHOD_MATCH = YES;
				CODE_SIGN_IDENTITY = "Mac Developer";
				COPY_PHASE_STRIP = NO;
				DEBUG_INFORMATION_FORMAT = dwarf;
				ENABLE_STRICT_OBJC_MSGSEND = YES;
				ENABLE_TESTABILITY = YES;
				GCC_C_LANGUAGE_STANDARD = gnu11;
				GCC_DYNAMIC_NO_PIC = NO;
				GCC_NO_COMMON_BLOCKS = YES;
				GCC_OPTIMIZATION_LEVEL = 0;
				GCC_PREPROCESSOR_DEFINITIONS = (
					"DEBUG=1",
					"$(inherited)",
				);
				GCC_WARN_64_TO_32_BIT_CONVERSION = YES;
				GCC_WARN_ABOUT_RETURN_TYPE = YES_ERROR;
				GCC_WARN_UNDECLARED_SELECTOR = YES;
				GCC_WARN_UNINITIALIZED_AUTOS = YES_AGGRESSIVE;
				GCC_WARN_UNUSED_FUNCTION = YES;
				GCC_WARN_UNUSED_VARIABLE = YES;
				MACOSX_DEPLOYMENT_TARGET = 10.15;
				MTL_ENABLE_DEBUG_INFO = INCLUDE_SOURCE;
				MTL_FAST_MATH = YES;
				ONLY_ACTIVE_ARCH = YES;
				SDKROOT = macosx;
				SWIFT_ACTIVE_COMPILATION_CONDITIONS = DEBUG;
				SWIFT_OPTIMIZATION_LEVEL = "-Onone";
			};
			name = Debug;
		};
		84C201262308E2F1005E3476 /* Release */ = {
			isa = XCBuildConfiguration;
			buildSettings = {
				ALWAYS_SEARCH_USER_PATHS = NO;
				CLANG_ANALYZER_NONNULL = YES;
				CLANG_ANALYZER_NUMBER_OBJECT_CONVERSION = YES_AGGRESSIVE;
				CLANG_CXX_LANGUAGE_STANDARD = "gnu++14";
				CLANG_CXX_LIBRARY = "libc++";
				CLANG_ENABLE_MODULES = YES;
				CLANG_ENABLE_OBJC_ARC = YES;
				CLANG_ENABLE_OBJC_WEAK = YES;
				CLANG_WARN_BLOCK_CAPTURE_AUTORELEASING = YES;
				CLANG_WARN_BOOL_CONVERSION = YES;
				CLANG_WARN_COMMA = YES;
				CLANG_WARN_CONSTANT_CONVERSION = YES;
				CLANG_WARN_DEPRECATED_OBJC_IMPLEMENTATIONS = YES;
				CLANG_WARN_DIRECT_OBJC_ISA_USAGE = YES_ERROR;
				CLANG_WARN_DOCUMENTATION_COMMENTS = YES;
				CLANG_WARN_EMPTY_BODY = YES;
				CLANG_WARN_ENUM_CONVERSION = YES;
				CLANG_WARN_INFINITE_RECURSION = YES;
				CLANG_WARN_INT_CONVERSION = YES;
				CLANG_WARN_NON_LITERAL_NULL_CONVERSION = YES;
				CLANG_WARN_OBJC_IMPLICIT_RETAIN_SELF = YES;
				CLANG_WARN_OBJC_LITERAL_CONVERSION = YES;
				CLANG_WARN_OBJC_ROOT_CLASS = YES_ERROR;
				CLANG_WARN_RANGE_LOOP_ANALYSIS = YES;
				CLANG_WARN_STRICT_PROTOTYPES = YES;
				CLANG_WARN_SUSPICIOUS_MOVE = YES;
				CLANG_WARN_UNGUARDED_AVAILABILITY = YES_AGGRESSIVE;
				CLANG_WARN_UNREACHABLE_CODE = YES;
				CLANG_WARN__DUPLICATE_METHOD_MATCH = YES;
				CODE_SIGN_IDENTITY = "Mac Developer";
				COPY_PHASE_STRIP = NO;
				DEBUG_INFORMATION_FORMAT = "dwarf-with-dsym";
				ENABLE_NS_ASSERTIONS = NO;
				ENABLE_STRICT_OBJC_MSGSEND = YES;
				GCC_C_LANGUAGE_STANDARD = gnu11;
				GCC_NO_COMMON_BLOCKS = YES;
				GCC_WARN_64_TO_32_BIT_CONVERSION = YES;
				GCC_WARN_ABOUT_RETURN_TYPE = YES_ERROR;
				GCC_WARN_UNDECLARED_SELECTOR = YES;
				GCC_WARN_UNINITIALIZED_AUTOS = YES_AGGRESSIVE;
				GCC_WARN_UNUSED_FUNCTION = YES;
				GCC_WARN_UNUSED_VARIABLE = YES;
				MACOSX_DEPLOYMENT_TARGET = 10.15;
				MTL_ENABLE_DEBUG_INFO = NO;
				MTL_FAST_MATH = YES;
				SDKROOT = macosx;
				SWIFT_COMPILATION_MODE = wholemodule;
				SWIFT_OPTIMIZATION_LEVEL = "-O";
			};
			name = Release;
		};
		84C201282308E2F1005E3476 /* Debug */ = {
			isa = XCBuildConfiguration;
			baseConfigurationReference = A757E82BF35FC416706D1CB7 /* Pods-CompileSample.debug.xcconfig */;
			buildSettings = {
				CODE_SIGN_STYLE = Automatic;
				DEVELOPMENT_TEAM = DNL5G5M9A8;
				PRODUCT_NAME = "$(TARGET_NAME)";
				SWIFT_VERSION = 5.0;
			};
			name = Debug;
		};
		84C201292308E2F1005E3476 /* Release */ = {
			isa = XCBuildConfiguration;
			baseConfigurationReference = 142D9D2314BF4A48D02F9394 /* Pods-CompileSample.release.xcconfig */;
			buildSettings = {
				CODE_SIGN_STYLE = Automatic;
				DEVELOPMENT_TEAM = DNL5G5M9A8;
				PRODUCT_NAME = "$(TARGET_NAME)";
				SWIFT_VERSION = 5.0;
			};
			name = Release;
		};
/* End XCBuildConfiguration section */

/* Begin XCConfigurationList section */
		84919C15230ECA28002AAAE6 /* Build configuration list for PBXNativeTarget "CompileSampleUnitTest" */ = {
			isa = XCConfigurationList;
			buildConfigurations = (
				84919C16230ECA28002AAAE6 /* Debug */,
				84919C17230ECA28002AAAE6 /* Release */,
			);
			defaultConfigurationIsVisible = 0;
			defaultConfigurationName = Release;
		};
		84C2011B2308E2F1005E3476 /* Build configuration list for PBXProject "CompileSample" */ = {
			isa = XCConfigurationList;
			buildConfigurations = (
				84C201252308E2F1005E3476 /* Debug */,
				84C201262308E2F1005E3476 /* Release */,
			);
			defaultConfigurationIsVisible = 0;
			defaultConfigurationName = Release;
		};
		84C201272308E2F1005E3476 /* Build configuration list for PBXNativeTarget "CompileSample" */ = {
			isa = XCConfigurationList;
			buildConfigurations = (
				84C201282308E2F1005E3476 /* Debug */,
				84C201292308E2F1005E3476 /* Release */,
			);
			defaultConfigurationIsVisible = 0;
			defaultConfigurationName = Release;
		};
/* End XCConfigurationList section */
	};
	rootObject = 84C201182308E2F1005E3476 /* Project object */;
}
